
Microsoft Visual Studio Solution File, Format Version 12.00
# Visual Studio 15
VisualStudioVersion = 15.0.27703.2000
MinimumVisualStudioVersion = 10.0.40219.1
Project("{FAE04EC0-301F-11D3-BF4B-00C04F79EFBC}") = "monstruOs.Kernel", "monstruOs.Kernel\monstruOs.Kernel.csproj", "{18B8A611-B155-41A2-B953-9622068B217D}"
EndProject
Global
	GlobalSection(SolutionConfigurationPlatforms) = preSolution
		Debug|Any CPU = Debug|Any CPU
		Release|Any CPU = Release|Any CPU
	EndGlobalSection
	GlobalSection(ProjectConfigurationPlatforms) = postSolution
		{18B8A611-B155-41A2-B953-9622068B217D}.Debug|Any CPU.ActiveCfg = Debug|Any CPU
		{18B8A611-B155-41A2-B953-9622068B217D}.Debug|Any CPU.Build.0 = Debug|Any CPU
		{18B8A611-B155-41A2-B953-9622068B217D}.Release|Any CPU.ActiveCfg = Release|Any CPU
		{18B8A611-B155-41A2-B953-9622068B217D}.Release|Any CPU.Build.0 = Release|Any CPU
	EndGlobalSection
	GlobalSection(SolutionProperties) = preSolution
		HideSolutionNode = FALSE
	EndGlobalSection
	GlobalSection(ExtensibilityGlobals) = postSolution
		SolutionGuid = {01B59B3B-A8F6-4299-B8C9-7DA4D34EA884}
	EndGlobalSection
EndGlobal
